
Microsoft Visual Studio Solution File, Format Version 12.00
# Visual Studio 2012
Project("{FAE04EC0-301F-11D3-BF4B-00C04F79EFBC}") = "TesteiOSNativo", "TesteiOSNativo\TesteiOSNativo.csproj", "{7F0CE6B9-4B75-454C-A7CA-C421E9E99E13}"
EndProject
Global
	GlobalSection(SolutionConfigurationPlatforms) = preSolution
		Debug|iPhoneSimulator = Debug|iPhoneSimulator
		Release|iPhone = Release|iPhone
		Release|iPhoneSimulator = Release|iPhoneSimulator
		Debug|iPhone = Debug|iPhone
	EndGlobalSection
	GlobalSection(ProjectConfigurationPlatforms) = postSolution
		{7F0CE6B9-4B75-454C-A7CA-C421E9E99E13}.Debug|iPhoneSimulator.ActiveCfg = Debug|iPhoneSimulator
		{7F0CE6B9-4B75-454C-A7CA-C421E9E99E13}.Debug|iPhoneSimulator.Build.0 = Debug|iPhoneSimulator
		{7F0CE6B9-4B75-454C-A7CA-C421E9E99E13}.Release|iPhone.ActiveCfg = Release|iPhone
		{7F0CE6B9-4B75-454C-A7CA-C421E9E99E13}.Release|iPhone.Build.0 = Release|iPhone
		{7F0CE6B9-4B75-454C-A7CA-C421E9E99E13}.Release|iPhoneSimulator.ActiveCfg = Release|iPhoneSimulator
		{7F0CE6B9-4B75-454C-A7CA-C421E9E99E13}.Release|iPhoneSimulator.Build.0 = Release|iPhoneSimulator
		{7F0CE6B9-4B75-454C-A7CA-C421E9E99E13}.Debug|iPhone.ActiveCfg = Debug|iPhone
		{7F0CE6B9-4B75-454C-A7CA-C421E9E99E13}.Debug|iPhone.Build.0 = Debug|iPhone
	EndGlobalSection
EndGlobal
