
Microsoft Visual Studio Solution File, Format Version 12.00
# Visual Studio 2012
Project("{FAE04EC0-301F-11D3-BF4B-00C04F79EFBC}") = "FormAssistControl", "FormAssistControl\FormAssistControl.csproj", "{5C30A719-D8E5-4669-8321-96CD55680DE6}"
EndProject
Project("{FAE04EC0-301F-11D3-BF4B-00C04F79EFBC}") = "FormAssistControl.iOS", "iOS\FormAssistControl.iOS.csproj", "{29D07CBC-234A-409C-A002-6FB3811177DD}"
EndProject
Project("{FAE04EC0-301F-11D3-BF4B-00C04F79EFBC}") = "FormAssistControl.Droid", "Droid\FormAssistControl.Droid.csproj", "{14E39331-14C1-4943-A7AB-FB3B594E102F}"
EndProject
Global
	GlobalSection(SolutionConfigurationPlatforms) = preSolution
		Debug|Any CPU = Debug|Any CPU
		Release|Any CPU = Release|Any CPU
		Debug|iPhoneSimulator = Debug|iPhoneSimulator
		Release|iPhone = Release|iPhone
		Release|iPhoneSimulator = Release|iPhoneSimulator
		Debug|iPhone = Debug|iPhone
	EndGlobalSection
	GlobalSection(ProjectConfigurationPlatforms) = postSolution
		{5C30A719-D8E5-4669-8321-96CD55680DE6}.Debug|Any CPU.ActiveCfg = Debug|Any CPU
		{5C30A719-D8E5-4669-8321-96CD55680DE6}.Debug|Any CPU.Build.0 = Debug|Any CPU
		{5C30A719-D8E5-4669-8321-96CD55680DE6}.Release|Any CPU.ActiveCfg = Release|Any CPU
		{5C30A719-D8E5-4669-8321-96CD55680DE6}.Release|Any CPU.Build.0 = Release|Any CPU
		{5C30A719-D8E5-4669-8321-96CD55680DE6}.Debug|iPhoneSimulator.ActiveCfg = Debug|Any CPU
		{5C30A719-D8E5-4669-8321-96CD55680DE6}.Debug|iPhoneSimulator.Build.0 = Debug|Any CPU
		{5C30A719-D8E5-4669-8321-96CD55680DE6}.Release|iPhone.ActiveCfg = Release|Any CPU
		{5C30A719-D8E5-4669-8321-96CD55680DE6}.Release|iPhone.Build.0 = Release|Any CPU
		{5C30A719-D8E5-4669-8321-96CD55680DE6}.Release|iPhoneSimulator.ActiveCfg = Release|Any CPU
		{5C30A719-D8E5-4669-8321-96CD55680DE6}.Release|iPhoneSimulator.Build.0 = Release|Any CPU
		{5C30A719-D8E5-4669-8321-96CD55680DE6}.Debug|iPhone.ActiveCfg = Debug|Any CPU
		{5C30A719-D8E5-4669-8321-96CD55680DE6}.Debug|iPhone.Build.0 = Debug|Any CPU
		{29D07CBC-234A-409C-A002-6FB3811177DD}.Debug|Any CPU.ActiveCfg = Debug|iPhoneSimulator
		{29D07CBC-234A-409C-A002-6FB3811177DD}.Debug|Any CPU.Build.0 = Debug|iPhoneSimulator
		{29D07CBC-234A-409C-A002-6FB3811177DD}.Release|Any CPU.ActiveCfg = Release|iPhone
		{29D07CBC-234A-409C-A002-6FB3811177DD}.Release|Any CPU.Build.0 = Release|iPhone
		{29D07CBC-234A-409C-A002-6FB3811177DD}.Debug|iPhoneSimulator.ActiveCfg = Debug|iPhoneSimulator
		{29D07CBC-234A-409C-A002-6FB3811177DD}.Debug|iPhoneSimulator.Build.0 = Debug|iPhoneSimulator
		{29D07CBC-234A-409C-A002-6FB3811177DD}.Release|iPhone.ActiveCfg = Release|iPhone
		{29D07CBC-234A-409C-A002-6FB3811177DD}.Release|iPhone.Build.0 = Release|iPhone
		{29D07CBC-234A-409C-A002-6FB3811177DD}.Release|iPhoneSimulator.ActiveCfg = Release|iPhoneSimulator
		{29D07CBC-234A-409C-A002-6FB3811177DD}.Release|iPhoneSimulator.Build.0 = Release|iPhoneSimulator
		{29D07CBC-234A-409C-A002-6FB3811177DD}.Debug|iPhone.ActiveCfg = Debug|iPhone
		{29D07CBC-234A-409C-A002-6FB3811177DD}.Debug|iPhone.Build.0 = Debug|iPhone
		{14E39331-14C1-4943-A7AB-FB3B594E102F}.Debug|Any CPU.ActiveCfg = Debug|Any CPU
		{14E39331-14C1-4943-A7AB-FB3B594E102F}.Debug|Any CPU.Build.0 = Debug|Any CPU
		{14E39331-14C1-4943-A7AB-FB3B594E102F}.Release|Any CPU.ActiveCfg = Release|Any CPU
		{14E39331-14C1-4943-A7AB-FB3B594E102F}.Release|Any CPU.Build.0 = Release|Any CPU
		{14E39331-14C1-4943-A7AB-FB3B594E102F}.Debug|iPhoneSimulator.ActiveCfg = Debug|Any CPU
		{14E39331-14C1-4943-A7AB-FB3B594E102F}.Debug|iPhoneSimulator.Build.0 = Debug|Any CPU
		{14E39331-14C1-4943-A7AB-FB3B594E102F}.Release|iPhone.ActiveCfg = Release|Any CPU
		{14E39331-14C1-4943-A7AB-FB3B594E102F}.Release|iPhone.Build.0 = Release|Any CPU
		{14E39331-14C1-4943-A7AB-FB3B594E102F}.Release|iPhoneSimulator.ActiveCfg = Release|Any CPU
		{14E39331-14C1-4943-A7AB-FB3B594E102F}.Release|iPhoneSimulator.Build.0 = Release|Any CPU
		{14E39331-14C1-4943-A7AB-FB3B594E102F}.Debug|iPhone.ActiveCfg = Debug|Any CPU
		{14E39331-14C1-4943-A7AB-FB3B594E102F}.Debug|iPhone.Build.0 = Debug|Any CPU
	EndGlobalSection
EndGlobal
